
Microsoft Visual Studio Solution File, Format Version 12.00
# Visual Studio Version 17
VisualStudioVersion = 17.12.35707.178 d17.12
MinimumVisualStudioVersion = 10.0.40219.1
Project("{FAE04EC0-301F-11D3-BF4B-00C04F79EFBC}") = "PayBills_CLI", "PayBills\PayBills_CLI.csproj", "{33E5FB95-32A4-4740-8BAC-DE6FC593F02D}"
EndProject
Project("{FAE04EC0-301F-11D3-BF4B-00C04F79EFBC}") = "PayBills_Lib", "PayBills_Lib\PayBills_Lib.csproj", "{916BFDC5-BB93-4A5A-8159-C89B030CF831}"
EndProject
Project("{FAE04EC0-301F-11D3-BF4B-00C04F79EFBC}") = "PayBills_Tests", "PayBills_Tests\PayBills_Tests.csproj", "{70D93CD3-1DC2-4721-9D67-02A59B3C480E}"
EndProject
Global
	GlobalSection(SolutionConfigurationPlatforms) = preSolution
		Debug|Any CPU = Debug|Any CPU
		Debug|x86 = Debug|x86
		Release|Any CPU = Release|Any CPU
		Release|x86 = Release|x86
	EndGlobalSection
	GlobalSection(ProjectConfigurationPlatforms) = postSolution
		{33E5FB95-32A4-4740-8BAC-DE6FC593F02D}.Debug|Any CPU.ActiveCfg = Debug|Any CPU
		{33E5FB95-32A4-4740-8BAC-DE6FC593F02D}.Debug|Any CPU.Build.0 = Debug|Any CPU
		{33E5FB95-32A4-4740-8BAC-DE6FC593F02D}.Debug|x86.ActiveCfg = Debug|x86
		{33E5FB95-32A4-4740-8BAC-DE6FC593F02D}.Debug|x86.Build.0 = Debug|x86
		{33E5FB95-32A4-4740-8BAC-DE6FC593F02D}.Release|Any CPU.ActiveCfg = Release|Any CPU
		{33E5FB95-32A4-4740-8BAC-DE6FC593F02D}.Release|Any CPU.Build.0 = Release|Any CPU
		{33E5FB95-32A4-4740-8BAC-DE6FC593F02D}.Release|x86.ActiveCfg = Release|x86
		{33E5FB95-32A4-4740-8BAC-DE6FC593F02D}.Release|x86.Build.0 = Release|x86
		{916BFDC5-BB93-4A5A-8159-C89B030CF831}.Debug|Any CPU.ActiveCfg = Debug|Any CPU
		{916BFDC5-BB93-4A5A-8159-C89B030CF831}.Debug|Any CPU.Build.0 = Debug|Any CPU
		{916BFDC5-BB93-4A5A-8159-C89B030CF831}.Debug|x86.ActiveCfg = Debug|Any CPU
		{916BFDC5-BB93-4A5A-8159-C89B030CF831}.Debug|x86.Build.0 = Debug|Any CPU
		{916BFDC5-BB93-4A5A-8159-C89B030CF831}.Release|Any CPU.ActiveCfg = Release|Any CPU
		{916BFDC5-BB93-4A5A-8159-C89B030CF831}.Release|Any CPU.Build.0 = Release|Any CPU
		{916BFDC5-BB93-4A5A-8159-C89B030CF831}.Release|x86.ActiveCfg = Release|Any CPU
		{916BFDC5-BB93-4A5A-8159-C89B030CF831}.Release|x86.Build.0 = Release|Any CPU
		{70D93CD3-1DC2-4721-9D67-02A59B3C480E}.Debug|Any CPU.ActiveCfg = Debug|Any CPU
		{70D93CD3-1DC2-4721-9D67-02A59B3C480E}.Debug|Any CPU.Build.0 = Debug|Any CPU
		{70D93CD3-1DC2-4721-9D67-02A59B3C480E}.Debug|x86.ActiveCfg = Debug|Any CPU
		{70D93CD3-1DC2-4721-9D67-02A59B3C480E}.Debug|x86.Build.0 = Debug|Any CPU
		{70D93CD3-1DC2-4721-9D67-02A59B3C480E}.Release|Any CPU.ActiveCfg = Release|Any CPU
		{70D93CD3-1DC2-4721-9D67-02A59B3C480E}.Release|Any CPU.Build.0 = Release|Any CPU
		{70D93CD3-1DC2-4721-9D67-02A59B3C480E}.Release|x86.ActiveCfg = Release|Any CPU
		{70D93CD3-1DC2-4721-9D67-02A59B3C480E}.Release|x86.Build.0 = Release|Any CPU
	EndGlobalSection
	GlobalSection(SolutionProperties) = preSolution
		HideSolutionNode = FALSE
	EndGlobalSection
EndGlobal
